
Microsoft Visual Studio Solution File, Format Version 12.00
# Visual Studio Version 17
VisualStudioVersion = 17.9.34701.34
MinimumVisualStudioVersion = 10.0.40219.1
Project("{FAE04EC0-301F-11D3-BF4B-00C04F79EFBC}") = "Session2_Class", "Session2_Class\Session2_Class.csproj", "{EEF009D0-B8C0-4CF5-B69A-EF63926A0BFB}"
EndProject
Global
	GlobalSection(SolutionConfigurationPlatforms) = preSolution
		Debug|Any CPU = Debug|Any CPU
		Release|Any CPU = Release|Any CPU
	EndGlobalSection
	GlobalSection(ProjectConfigurationPlatforms) = postSolution
		{EEF009D0-B8C0-4CF5-B69A-EF63926A0BFB}.Debug|Any CPU.ActiveCfg = Debug|Any CPU
		{EEF009D0-B8C0-4CF5-B69A-EF63926A0BFB}.Debug|Any CPU.Build.0 = Debug|Any CPU
		{EEF009D0-B8C0-4CF5-B69A-EF63926A0BFB}.Release|Any CPU.ActiveCfg = Release|Any CPU
		{EEF009D0-B8C0-4CF5-B69A-EF63926A0BFB}.Release|Any CPU.Build.0 = Release|Any CPU
	EndGlobalSection
	GlobalSection(SolutionProperties) = preSolution
		HideSolutionNode = FALSE
	EndGlobalSection
	GlobalSection(ExtensibilityGlobals) = postSolution
		SolutionGuid = {793872FD-E1CA-47A6-B43A-0716E7227089}
	EndGlobalSection
EndGlobal
