
Microsoft Visual Studio Solution File, Format Version 12.00
# Visual Studio Version 17
VisualStudioVersion = 17.9.34701.34
MinimumVisualStudioVersion = 10.0.40219.1
Project("{FAE04EC0-301F-11D3-BF4B-00C04F79EFBC}") = "LMSProject", "LMSProject\LMSProject.csproj", "{072D57C1-F259-4177-B4B8-2527E8F52677}"
EndProject
Global
	GlobalSection(SolutionConfigurationPlatforms) = preSolution
		Debug|Any CPU = Debug|Any CPU
		Release|Any CPU = Release|Any CPU
	EndGlobalSection
	GlobalSection(ProjectConfigurationPlatforms) = postSolution
		{072D57C1-F259-4177-B4B8-2527E8F52677}.Debug|Any CPU.ActiveCfg = Debug|Any CPU
		{072D57C1-F259-4177-B4B8-2527E8F52677}.Debug|Any CPU.Build.0 = Debug|Any CPU
		{072D57C1-F259-4177-B4B8-2527E8F52677}.Release|Any CPU.ActiveCfg = Release|Any CPU
		{072D57C1-F259-4177-B4B8-2527E8F52677}.Release|Any CPU.Build.0 = Release|Any CPU
	EndGlobalSection
	GlobalSection(SolutionProperties) = preSolution
		HideSolutionNode = FALSE
	EndGlobalSection
	GlobalSection(ExtensibilityGlobals) = postSolution
		SolutionGuid = {90765460-1672-451C-ADDC-5D830BD109AB}
	EndGlobalSection
EndGlobal
