
Microsoft Visual Studio Solution File, Format Version 12.00
# Visual Studio Version 17
VisualStudioVersion = 17.9.34701.34
MinimumVisualStudioVersion = 10.0.40219.1
Project("{FAE04EC0-301F-11D3-BF4B-00C04F79EFBC}") = "OS_4", "OS_4\OS_4.csproj", "{9E634C35-738C-4465-9D02-57B73452E159}"
EndProject
Global
	GlobalSection(SolutionConfigurationPlatforms) = preSolution
		Debug|Any CPU = Debug|Any CPU
		Release|Any CPU = Release|Any CPU
	EndGlobalSection
	GlobalSection(ProjectConfigurationPlatforms) = postSolution
		{9E634C35-738C-4465-9D02-57B73452E159}.Debug|Any CPU.ActiveCfg = Debug|Any CPU
		{9E634C35-738C-4465-9D02-57B73452E159}.Debug|Any CPU.Build.0 = Debug|Any CPU
		{9E634C35-738C-4465-9D02-57B73452E159}.Release|Any CPU.ActiveCfg = Release|Any CPU
		{9E634C35-738C-4465-9D02-57B73452E159}.Release|Any CPU.Build.0 = Release|Any CPU
	EndGlobalSection
	GlobalSection(SolutionProperties) = preSolution
		HideSolutionNode = FALSE
	EndGlobalSection
	GlobalSection(ExtensibilityGlobals) = postSolution
		SolutionGuid = {0136264B-0926-413C-9127-01C8B2BC9A43}
	EndGlobalSection
EndGlobal
